# This file was autogenerated by Stack.
# You should not edit this file by hand.
# For more information, please see the documentation at:
#   https://docs.haskellstack.org/en/stable/lock_files

packages:
- completed:
    hackage: tasty-html-0.4.1.2@sha256:7c8be5359940fcbd0228b9a1f5dc9a1113a9a5e03dc9b9ae018eb17f870aef13,1241
    pantry-tree:
      size: 608
      sha256: b0bccc20c9438f1353dedf7efc70716e58e6fc7e741a47617e9a6c1be59f0a1d
  original:
    hackage: tasty-html-0.4.1.2
- completed:
    hackage: tasty-rerun-1.1.12@sha256:76bb9056900ea630bfcddf62ae6ada6c37679043b9432c64e41c531d6b01a6c9,3084
    pantry-tree:
      size: 284
      sha256: 1ba87234cb4e139145302faba8d55659f9b0f528becb5e83f755593aa548d1eb
  original:
    hackage: tasty-rerun-1.1.12
snapshots:
- completed:
    size: 523884
    url: https://raw.githubusercontent.com/commercialhaskell/stackage-snapshots/master/lts/14/4.yaml
    sha256: 16f24be248b42c9e16d59db84378836b1e7c239448a041cae46d32daffa45a8b
  original: lts-14.4
